
Microsoft Visual Studio Solution File, Format Version 12.00
# Visual Studio 15
VisualStudioVersion = 15.0.26124.0
MinimumVisualStudioVersion = 15.0.26124.0
Project("{FAE04EC0-301F-11D3-BF4B-00C04F79EFBC}") = "Helper", "Helper\Helper.csproj", "{C9012624-C99E-4B46-BD2D-7B4CDCA73B2F}"
EndProject
Project("{FAE04EC0-301F-11D3-BF4B-00C04F79EFBC}") = "HelperDemo", "HelperDemo\HelperDemo.csproj", "{0D70AB46-0874-41E2-9E7F-CF2A537913EF}"
EndProject
Global
	GlobalSection(SolutionConfigurationPlatforms) = preSolution
		Debug|Any CPU = Debug|Any CPU
		Debug|x64 = Debug|x64
		Debug|x86 = Debug|x86
		Release|Any CPU = Release|Any CPU
		Release|x64 = Release|x64
		Release|x86 = Release|x86
	EndGlobalSection
	GlobalSection(SolutionProperties) = preSolution
		HideSolutionNode = FALSE
	EndGlobalSection
	GlobalSection(ProjectConfigurationPlatforms) = postSolution
		{C9012624-C99E-4B46-BD2D-7B4CDCA73B2F}.Debug|Any CPU.ActiveCfg = Debug|Any CPU
		{C9012624-C99E-4B46-BD2D-7B4CDCA73B2F}.Debug|Any CPU.Build.0 = Debug|Any CPU
		{C9012624-C99E-4B46-BD2D-7B4CDCA73B2F}.Debug|x64.ActiveCfg = Debug|x64
		{C9012624-C99E-4B46-BD2D-7B4CDCA73B2F}.Debug|x64.Build.0 = Debug|x64
		{C9012624-C99E-4B46-BD2D-7B4CDCA73B2F}.Debug|x86.ActiveCfg = Debug|x86
		{C9012624-C99E-4B46-BD2D-7B4CDCA73B2F}.Debug|x86.Build.0 = Debug|x86
		{C9012624-C99E-4B46-BD2D-7B4CDCA73B2F}.Release|Any CPU.ActiveCfg = Release|Any CPU
		{C9012624-C99E-4B46-BD2D-7B4CDCA73B2F}.Release|Any CPU.Build.0 = Release|Any CPU
		{C9012624-C99E-4B46-BD2D-7B4CDCA73B2F}.Release|x64.ActiveCfg = Release|x64
		{C9012624-C99E-4B46-BD2D-7B4CDCA73B2F}.Release|x64.Build.0 = Release|x64
		{C9012624-C99E-4B46-BD2D-7B4CDCA73B2F}.Release|x86.ActiveCfg = Release|x86
		{C9012624-C99E-4B46-BD2D-7B4CDCA73B2F}.Release|x86.Build.0 = Release|x86
		{0D70AB46-0874-41E2-9E7F-CF2A537913EF}.Debug|Any CPU.ActiveCfg = Debug|Any CPU
		{0D70AB46-0874-41E2-9E7F-CF2A537913EF}.Debug|Any CPU.Build.0 = Debug|Any CPU
		{0D70AB46-0874-41E2-9E7F-CF2A537913EF}.Debug|x64.ActiveCfg = Debug|x64
		{0D70AB46-0874-41E2-9E7F-CF2A537913EF}.Debug|x64.Build.0 = Debug|x64
		{0D70AB46-0874-41E2-9E7F-CF2A537913EF}.Debug|x86.ActiveCfg = Debug|x86
		{0D70AB46-0874-41E2-9E7F-CF2A537913EF}.Debug|x86.Build.0 = Debug|x86
		{0D70AB46-0874-41E2-9E7F-CF2A537913EF}.Release|Any CPU.ActiveCfg = Release|Any CPU
		{0D70AB46-0874-41E2-9E7F-CF2A537913EF}.Release|Any CPU.Build.0 = Release|Any CPU
		{0D70AB46-0874-41E2-9E7F-CF2A537913EF}.Release|x64.ActiveCfg = Release|x64
		{0D70AB46-0874-41E2-9E7F-CF2A537913EF}.Release|x64.Build.0 = Release|x64
		{0D70AB46-0874-41E2-9E7F-CF2A537913EF}.Release|x86.ActiveCfg = Release|x86
		{0D70AB46-0874-41E2-9E7F-CF2A537913EF}.Release|x86.Build.0 = Release|x86
	EndGlobalSection
EndGlobal
